
Microsoft Visual Studio Solution File, Format Version 12.00
# Visual Studio Version 17
VisualStudioVersion = 17.14.36408.4
MinimumVisualStudioVersion = 10.0.40219.1
Project("{2150E333-8FDC-42A3-9474-1A3956D46DE8}") = "src", "src", "{02EA681E-C7D8-13C7-8484-4AC65E1B71E8}"
EndProject
Project("{2150E333-8FDC-42A3-9474-1A3956D46DE8}") = "API", "API", "{EE73F330-50DB-4AAC-9E30-E9C385E94945}"
EndProject
Project("{2150E333-8FDC-42A3-9474-1A3956D46DE8}") = "Modules", "Modules", "{728B50CB-E6CE-4E14-861D-96078A9D1E19}"
EndProject
Project("{2150E333-8FDC-42A3-9474-1A3956D46DE8}") = "Events", "Events", "{34F48E75-891A-4C81-AD8A-E48F2CC856F3}"
EndProject
Project("{FAE04EC0-301F-11D3-BF4B-00C04F79EFBC}") = "Evently.Api", "src\API\Evently.Api\Evently.Api.csproj", "{62BB530A-8A17-4C54-9963-773880DA1F6C}"
EndProject
Project("{FAE04EC0-301F-11D3-BF4B-00C04F79EFBC}") = "Evently.Modules.Events.Domain", "src\Modules\Events\Evently.Modules.Events.Domain\Evently.Modules.Events.Domain.csproj", "{A78729B5-F516-4BE1-A9AC-8B09DD696914}"
EndProject
Project("{FAE04EC0-301F-11D3-BF4B-00C04F79EFBC}") = "Evently.Modules.Events.Infrastructure", "src\Modules\Events\Evently.Modules.Events.Infrastructure\Evently.Modules.Events.Infrastructure.csproj", "{F6612F0F-7068-45AD-9EEF-C82123B5D7EA}"
EndProject
Project("{FAE04EC0-301F-11D3-BF4B-00C04F79EFBC}") = "Evently.Modules.Events.Presentation", "src\Modules\Events\Evently.Modules.Events.Presentation\Evently.Modules.Events.Presentation.csproj", "{D34ADB2D-E463-4905-84DF-F485A1E088C1}"
EndProject
Project("{FAE04EC0-301F-11D3-BF4B-00C04F79EFBC}") = "Evently.Modules.Events.Application", "src\Modules\Events\Evently.Modules.Events.Application\Evently.Modules.Events.Application.csproj", "{09B10935-C0C2-496C-89CC-55E8EA2BC8C1}"
EndProject
Project("{E53339B2-1760-4266-BCC7-CA923CBCF16C}") = "docker-compose", "docker-compose.dcproj", "{81DDED9D-158B-E303-5F62-77A2896D2A5A}"
EndProject
Project("{2150E333-8FDC-42A3-9474-1A3956D46DE8}") = "Common", "Common", "{5B521048-5FBB-4174-8204-F06C37865C25}"
EndProject
Project("{FAE04EC0-301F-11D3-BF4B-00C04F79EFBC}") = "Evently.Common.Domain", "src\Common\Evently.Common.Domain\Evently.Common.Domain.csproj", "{BC396A30-9832-489C-B7BB-17FD88E6A094}"
EndProject
Project("{FAE04EC0-301F-11D3-BF4B-00C04F79EFBC}") = "Evently.Common.Application", "src\Common\Evently.Common.Application\Evently.Common.Application.csproj", "{905B728E-E23D-4AAF-8A9A-64D94C9F8C00}"
EndProject
Project("{FAE04EC0-301F-11D3-BF4B-00C04F79EFBC}") = "Evently.Common.Infrastructure", "src\Common\Evently.Common.Infrastructure\Evently.Common.Infrastructure.csproj", "{E440F2EC-997D-42D8-88F3-06F3CB09D8BF}"
EndProject
Project("{FAE04EC0-301F-11D3-BF4B-00C04F79EFBC}") = "Evently.Common.Presentation", "src\Common\Evently.Common.Presentation\Evently.Common.Presentation.csproj", "{2B4EE505-D41F-4684-94DB-387883ECDAE7}"
EndProject
Project("{2150E333-8FDC-42A3-9474-1A3956D46DE8}") = "Users", "Users", "{1A45B7E9-ADB7-4600-96CE-483040938915}"
EndProject
Project("{FAE04EC0-301F-11D3-BF4B-00C04F79EFBC}") = "Evently.Modules.Users.Domain", "src\Modules\Users\Evently.Modules.Users.Domain\Evently.Modules.Users.Domain.csproj", "{9A8C960D-1BCC-4A7D-AACF-DFEFACC12C1A}"
EndProject
Project("{FAE04EC0-301F-11D3-BF4B-00C04F79EFBC}") = "Evently.Modules.Users.Application", "src\Modules\Users\Evently.Modules.Users.Application\Evently.Modules.Users.Application.csproj", "{C2BBCD1A-18E4-4AA6-AB36-CFFE737F5706}"
EndProject
Project("{FAE04EC0-301F-11D3-BF4B-00C04F79EFBC}") = "Evently.Modules.Users.Infrastructure", "src\Modules\Users\Evently.Modules.Users.Infrastructure\Evently.Modules.Users.Infrastructure.csproj", "{8B334D5F-936C-457B-9588-E0EA353B0797}"
EndProject
Project("{FAE04EC0-301F-11D3-BF4B-00C04F79EFBC}") = "Evently.Modules.Users.Presentation", "src\Modules\Users\Evently.Modules.Users.Presentation\Evently.Modules.Users.Presentation.csproj", "{B92BAB9C-1EF3-465C-BA73-2387A3A28C53}"
EndProject
Project("{2150E333-8FDC-42A3-9474-1A3956D46DE8}") = "Ticketing", "Ticketing", "{C1BD90D4-8E11-4A7B-84CB-CD33C03712D0}"
EndProject
Project("{FAE04EC0-301F-11D3-BF4B-00C04F79EFBC}") = "Evently.Modules.Ticketing.Domain", "src\Modules\Ticketing\Evently.Modules.Ticketing.Domain\Evently.Modules.Ticketing.Domain.csproj", "{89301243-D49F-4CC0-9FC7-296D676D5ADD}"
EndProject
Project("{FAE04EC0-301F-11D3-BF4B-00C04F79EFBC}") = "Evently.Modules.Ticketing.Application", "src\Modules\Ticketing\Evently.Modules.Ticketing.Application\Evently.Modules.Ticketing.Application.csproj", "{B579F79D-F4D1-4365-8F10-793B5E861A62}"
EndProject
Project("{FAE04EC0-301F-11D3-BF4B-00C04F79EFBC}") = "Evently.Modules.Ticketing.Presentation", "src\Modules\Ticketing\Evently.Modules.Ticketing.Presentation\Evently.Modules.Ticketing.Presentation.csproj", "{A2B3B8EA-567B-4598-81BA-540BA6D82895}"
EndProject
Project("{FAE04EC0-301F-11D3-BF4B-00C04F79EFBC}") = "Evently.Modules.Users.IntegrationEvents", "src\Modules\Users\Evently.Modules.Users.IntegrationEvents\Evently.Modules.Users.IntegrationEvents.csproj", "{12DCD51A-033D-4346-BBF4-EC09223C677B}"
EndProject
Project("{2150E333-8FDC-42A3-9474-1A3956D46DE8}") = "Attendance", "Attendance", "{A18EE8AE-410C-4431-89F3-2F8A4CDAF73D}"
EndProject
Project("{FAE04EC0-301F-11D3-BF4B-00C04F79EFBC}") = "Evently.Modules.Ticketing.Infrastructure", "src\Modules\Ticketing\Evently.Modules.Ticketing.Infrastructure\Evently.Modules.Ticketing.Infrastructure.csproj", "{F1EEEA17-F9B3-4D1E-8AA8-324D7905B869}"
EndProject
Project("{FAE04EC0-301F-11D3-BF4B-00C04F79EFBC}") = "Evently.Modules.Ticketing.IntegrationEvents", "src\Modules\Ticketing\Evently.Modules.Ticketing.IntegrationEvents\Evently.Modules.Ticketing.IntegrationEvents.csproj", "{59807E36-2186-4152-9CA8-8AB9D791F20C}"
EndProject
Project("{FAE04EC0-301F-11D3-BF4B-00C04F79EFBC}") = "Evently.Modules.Attendance.Domain", "src\Modules\Attendance\Evently.Modules.Attendance.Domain\Evently.Modules.Attendance.Domain.csproj", "{E93002C4-2ABD-444D-A50E-137AC1F24725}"
EndProject
Project("{FAE04EC0-301F-11D3-BF4B-00C04F79EFBC}") = "Evently.Modules.Attendance.Application", "src\Modules\Attendance\Evently.Modules.Attendance.Application\Evently.Modules.Attendance.Application.csproj", "{B2EFF44C-3CD9-4FE5-B07A-7035A28F13DE}"
EndProject
Project("{FAE04EC0-301F-11D3-BF4B-00C04F79EFBC}") = "Evently.Modules.Attendance.IntegrationEvents", "src\Modules\Attendance\Evently.Modules.Attendance.IntegrationEvents\Evently.Modules.Attendance.IntegrationEvents.csproj", "{C7FFB93C-98D7-4F3B-B374-9F7D6D11052E}"
EndProject
Project("{FAE04EC0-301F-11D3-BF4B-00C04F79EFBC}") = "Evently.Modules.Attendance.Presentation", "src\Modules\Attendance\Evently.Modules.Attendance.Presentation\Evently.Modules.Attendance.Presentation.csproj", "{AF7681BD-663B-44B0-BFFC-D75361A0F905}"
EndProject
Project("{FAE04EC0-301F-11D3-BF4B-00C04F79EFBC}") = "Evently.Modules.Events.IntegrationEvents", "src\Modules\Events\Evently.Modules.Events.IntegrationEvents\Evently.Modules.Events.IntegrationEvents.csproj", "{999010E9-83FF-492A-8B6B-2AA3B27BBC6A}"
EndProject
Project("{FAE04EC0-301F-11D3-BF4B-00C04F79EFBC}") = "Evently.Modules.Attendance.Infrastructure", "src\Modules\Attendance\Evently.Modules.Attendance.Infrastructure\Evently.Modules.Attendance.Infrastructure.csproj", "{AC823B27-4A5B-4DBC-8BE4-E5D5AAC5F366}"
EndProject
Project("{2150E333-8FDC-42A3-9474-1A3956D46DE8}") = "test", "test", "{8441A354-4498-4226-9BC4-1D6A0A733671}"
EndProject
Project("{FAE04EC0-301F-11D3-BF4B-00C04F79EFBC}") = "Evently.ArchitectureTests", "test\Evently.ArchitectureTests\Evently.ArchitectureTests.csproj", "{BE44E0CD-2A98-48FC-94D1-3423E7F401B3}"
EndProject
Project("{2150E333-8FDC-42A3-9474-1A3956D46DE8}") = "test", "test", "{2ADCD249-9A5C-4256-A222-5141F80B8B80}"
EndProject
Project("{FAE04EC0-301F-11D3-BF4B-00C04F79EFBC}") = "Evently.Modules.Users.ArchitectureTests", "src\Modules\Users\Evently.Modules.Users.ArchitectureTests\Evently.Modules.Users.ArchitectureTests.csproj", "{E6A66117-F0B4-4BE4-85BD-90BC242D8946}"
EndProject
Project("{2150E333-8FDC-42A3-9474-1A3956D46DE8}") = "test", "test", "{41CDE0F8-AB33-4DE5-A95E-885D0E7DCEF7}"
EndProject
Project("{FAE04EC0-301F-11D3-BF4B-00C04F79EFBC}") = "Evently.Modules.Ticketing.ArchitectureTests", "src\Modules\Ticketing\Evently.Modules.Ticketing.ArchitectureTests\Evently.Modules.Ticketing.ArchitectureTests.csproj", "{AB2EB5D7-E5D5-4DCB-B8E2-F7769B4AA5C9}"
EndProject
Project("{2150E333-8FDC-42A3-9474-1A3956D46DE8}") = "test", "test", "{7808DD94-2160-4B1E-B15F-6860D3552F7B}"
EndProject
Project("{FAE04EC0-301F-11D3-BF4B-00C04F79EFBC}") = "Evently.Modules.Events.ArchitectureTests", "src\Modules\Events\Evently.Modules.Events.ArchitectureTests\Evently.Modules.Events.ArchitectureTests.csproj", "{15DD0D19-9F54-4912-9061-0ED9BD44243A}"
EndProject
Project("{2150E333-8FDC-42A3-9474-1A3956D46DE8}") = "test", "test", "{0FEAEE71-BB45-4A1A-B117-76FCB4080A02}"
EndProject
Project("{FAE04EC0-301F-11D3-BF4B-00C04F79EFBC}") = "Evently.Modules.Attendance.ArchitectureTests", "src\Modules\Attendance\Evently.Modules.Attendance.ArchitectureTests\Evently.Modules.Attendance.ArchitectureTests.csproj", "{7F85AD08-2F9C-4E60-B565-25E9CC439839}"
EndProject
Project("{FAE04EC0-301F-11D3-BF4B-00C04F79EFBC}") = "Evently.Modules.Users.IntegrationTests", "src\Modules\Users\Evently.Modules.Users.IntegrationTests\Evently.Modules.Users.IntegrationTests.csproj", "{07E0040A-F671-42CA-B392-F2AE43B12069}"
EndProject
Project("{FAE04EC0-301F-11D3-BF4B-00C04F79EFBC}") = "Evently.Modules.Events.UnitTests", "src\Modules\Events\Evently.Modules.Events.UnitTests\Evently.Modules.Events.UnitTests.csproj", "{10A76031-A0B1-4F9B-A809-0C256846B30A}"
EndProject
Project("{FAE04EC0-301F-11D3-BF4B-00C04F79EFBC}") = "Evently.IntegrationTests", "test\Evently.IntegrationTests\Evently.IntegrationTests.csproj", "{67350031-BDB5-4AEE-AC4E-0C2746EA53A0}"
EndProject
Global
	GlobalSection(SolutionConfigurationPlatforms) = preSolution
		Debug|Any CPU = Debug|Any CPU
		Release|Any CPU = Release|Any CPU
	EndGlobalSection
	GlobalSection(ProjectConfigurationPlatforms) = postSolution
		{62BB530A-8A17-4C54-9963-773880DA1F6C}.Debug|Any CPU.ActiveCfg = Debug|Any CPU
		{62BB530A-8A17-4C54-9963-773880DA1F6C}.Debug|Any CPU.Build.0 = Debug|Any CPU
		{62BB530A-8A17-4C54-9963-773880DA1F6C}.Release|Any CPU.ActiveCfg = Release|Any CPU
		{62BB530A-8A17-4C54-9963-773880DA1F6C}.Release|Any CPU.Build.0 = Release|Any CPU
		{A78729B5-F516-4BE1-A9AC-8B09DD696914}.Debug|Any CPU.ActiveCfg = Debug|Any CPU
		{A78729B5-F516-4BE1-A9AC-8B09DD696914}.Debug|Any CPU.Build.0 = Debug|Any CPU
		{A78729B5-F516-4BE1-A9AC-8B09DD696914}.Release|Any CPU.ActiveCfg = Release|Any CPU
		{A78729B5-F516-4BE1-A9AC-8B09DD696914}.Release|Any CPU.Build.0 = Release|Any CPU
		{F6612F0F-7068-45AD-9EEF-C82123B5D7EA}.Debug|Any CPU.ActiveCfg = Debug|Any CPU
		{F6612F0F-7068-45AD-9EEF-C82123B5D7EA}.Debug|Any CPU.Build.0 = Debug|Any CPU
		{F6612F0F-7068-45AD-9EEF-C82123B5D7EA}.Release|Any CPU.ActiveCfg = Release|Any CPU
		{F6612F0F-7068-45AD-9EEF-C82123B5D7EA}.Release|Any CPU.Build.0 = Release|Any CPU
		{D34ADB2D-E463-4905-84DF-F485A1E088C1}.Debug|Any CPU.ActiveCfg = Debug|Any CPU
		{D34ADB2D-E463-4905-84DF-F485A1E088C1}.Debug|Any CPU.Build.0 = Debug|Any CPU
		{D34ADB2D-E463-4905-84DF-F485A1E088C1}.Release|Any CPU.ActiveCfg = Release|Any CPU
		{D34ADB2D-E463-4905-84DF-F485A1E088C1}.Release|Any CPU.Build.0 = Release|Any CPU
		{09B10935-C0C2-496C-89CC-55E8EA2BC8C1}.Debug|Any CPU.ActiveCfg = Debug|Any CPU
		{09B10935-C0C2-496C-89CC-55E8EA2BC8C1}.Debug|Any CPU.Build.0 = Debug|Any CPU
		{09B10935-C0C2-496C-89CC-55E8EA2BC8C1}.Release|Any CPU.ActiveCfg = Release|Any CPU
		{09B10935-C0C2-496C-89CC-55E8EA2BC8C1}.Release|Any CPU.Build.0 = Release|Any CPU
		{81DDED9D-158B-E303-5F62-77A2896D2A5A}.Debug|Any CPU.ActiveCfg = Debug|Any CPU
		{81DDED9D-158B-E303-5F62-77A2896D2A5A}.Debug|Any CPU.Build.0 = Debug|Any CPU
		{81DDED9D-158B-E303-5F62-77A2896D2A5A}.Release|Any CPU.ActiveCfg = Release|Any CPU
		{81DDED9D-158B-E303-5F62-77A2896D2A5A}.Release|Any CPU.Build.0 = Release|Any CPU
		{BC396A30-9832-489C-B7BB-17FD88E6A094}.Debug|Any CPU.ActiveCfg = Debug|Any CPU
		{BC396A30-9832-489C-B7BB-17FD88E6A094}.Debug|Any CPU.Build.0 = Debug|Any CPU
		{BC396A30-9832-489C-B7BB-17FD88E6A094}.Release|Any CPU.ActiveCfg = Release|Any CPU
		{BC396A30-9832-489C-B7BB-17FD88E6A094}.Release|Any CPU.Build.0 = Release|Any CPU
		{905B728E-E23D-4AAF-8A9A-64D94C9F8C00}.Debug|Any CPU.ActiveCfg = Debug|Any CPU
		{905B728E-E23D-4AAF-8A9A-64D94C9F8C00}.Debug|Any CPU.Build.0 = Debug|Any CPU
		{905B728E-E23D-4AAF-8A9A-64D94C9F8C00}.Release|Any CPU.ActiveCfg = Release|Any CPU
		{905B728E-E23D-4AAF-8A9A-64D94C9F8C00}.Release|Any CPU.Build.0 = Release|Any CPU
		{E440F2EC-997D-42D8-88F3-06F3CB09D8BF}.Debug|Any CPU.ActiveCfg = Debug|Any CPU
		{E440F2EC-997D-42D8-88F3-06F3CB09D8BF}.Debug|Any CPU.Build.0 = Debug|Any CPU
		{E440F2EC-997D-42D8-88F3-06F3CB09D8BF}.Release|Any CPU.ActiveCfg = Release|Any CPU
		{E440F2EC-997D-42D8-88F3-06F3CB09D8BF}.Release|Any CPU.Build.0 = Release|Any CPU
		{2B4EE505-D41F-4684-94DB-387883ECDAE7}.Debug|Any CPU.ActiveCfg = Debug|Any CPU
		{2B4EE505-D41F-4684-94DB-387883ECDAE7}.Debug|Any CPU.Build.0 = Debug|Any CPU
		{2B4EE505-D41F-4684-94DB-387883ECDAE7}.Release|Any CPU.ActiveCfg = Release|Any CPU
		{2B4EE505-D41F-4684-94DB-387883ECDAE7}.Release|Any CPU.Build.0 = Release|Any CPU
		{9A8C960D-1BCC-4A7D-AACF-DFEFACC12C1A}.Debug|Any CPU.ActiveCfg = Debug|Any CPU
		{9A8C960D-1BCC-4A7D-AACF-DFEFACC12C1A}.Debug|Any CPU.Build.0 = Debug|Any CPU
		{9A8C960D-1BCC-4A7D-AACF-DFEFACC12C1A}.Release|Any CPU.ActiveCfg = Release|Any CPU
		{9A8C960D-1BCC-4A7D-AACF-DFEFACC12C1A}.Release|Any CPU.Build.0 = Release|Any CPU
		{C2BBCD1A-18E4-4AA6-AB36-CFFE737F5706}.Debug|Any CPU.ActiveCfg = Debug|Any CPU
		{C2BBCD1A-18E4-4AA6-AB36-CFFE737F5706}.Debug|Any CPU.Build.0 = Debug|Any CPU
		{C2BBCD1A-18E4-4AA6-AB36-CFFE737F5706}.Release|Any CPU.ActiveCfg = Release|Any CPU
		{C2BBCD1A-18E4-4AA6-AB36-CFFE737F5706}.Release|Any CPU.Build.0 = Release|Any CPU
		{8B334D5F-936C-457B-9588-E0EA353B0797}.Debug|Any CPU.ActiveCfg = Debug|Any CPU
		{8B334D5F-936C-457B-9588-E0EA353B0797}.Debug|Any CPU.Build.0 = Debug|Any CPU
		{8B334D5F-936C-457B-9588-E0EA353B0797}.Release|Any CPU.ActiveCfg = Release|Any CPU
		{8B334D5F-936C-457B-9588-E0EA353B0797}.Release|Any CPU.Build.0 = Release|Any CPU
		{B92BAB9C-1EF3-465C-BA73-2387A3A28C53}.Debug|Any CPU.ActiveCfg = Debug|Any CPU
		{B92BAB9C-1EF3-465C-BA73-2387A3A28C53}.Debug|Any CPU.Build.0 = Debug|Any CPU
		{B92BAB9C-1EF3-465C-BA73-2387A3A28C53}.Release|Any CPU.ActiveCfg = Release|Any CPU
		{B92BAB9C-1EF3-465C-BA73-2387A3A28C53}.Release|Any CPU.Build.0 = Release|Any CPU
		{89301243-D49F-4CC0-9FC7-296D676D5ADD}.Debug|Any CPU.ActiveCfg = Debug|Any CPU
		{89301243-D49F-4CC0-9FC7-296D676D5ADD}.Debug|Any CPU.Build.0 = Debug|Any CPU
		{89301243-D49F-4CC0-9FC7-296D676D5ADD}.Release|Any CPU.ActiveCfg = Release|Any CPU
		{89301243-D49F-4CC0-9FC7-296D676D5ADD}.Release|Any CPU.Build.0 = Release|Any CPU
		{B579F79D-F4D1-4365-8F10-793B5E861A62}.Debug|Any CPU.ActiveCfg = Debug|Any CPU
		{B579F79D-F4D1-4365-8F10-793B5E861A62}.Debug|Any CPU.Build.0 = Debug|Any CPU
		{B579F79D-F4D1-4365-8F10-793B5E861A62}.Release|Any CPU.ActiveCfg = Release|Any CPU
		{B579F79D-F4D1-4365-8F10-793B5E861A62}.Release|Any CPU.Build.0 = Release|Any CPU
		{A2B3B8EA-567B-4598-81BA-540BA6D82895}.Debug|Any CPU.ActiveCfg = Debug|Any CPU
		{A2B3B8EA-567B-4598-81BA-540BA6D82895}.Debug|Any CPU.Build.0 = Debug|Any CPU
		{A2B3B8EA-567B-4598-81BA-540BA6D82895}.Release|Any CPU.ActiveCfg = Release|Any CPU
		{A2B3B8EA-567B-4598-81BA-540BA6D82895}.Release|Any CPU.Build.0 = Release|Any CPU
		{12DCD51A-033D-4346-BBF4-EC09223C677B}.Debug|Any CPU.ActiveCfg = Debug|Any CPU
		{12DCD51A-033D-4346-BBF4-EC09223C677B}.Debug|Any CPU.Build.0 = Debug|Any CPU
		{12DCD51A-033D-4346-BBF4-EC09223C677B}.Release|Any CPU.ActiveCfg = Release|Any CPU
		{12DCD51A-033D-4346-BBF4-EC09223C677B}.Release|Any CPU.Build.0 = Release|Any CPU
		{F1EEEA17-F9B3-4D1E-8AA8-324D7905B869}.Debug|Any CPU.ActiveCfg = Debug|Any CPU
		{F1EEEA17-F9B3-4D1E-8AA8-324D7905B869}.Debug|Any CPU.Build.0 = Debug|Any CPU
		{F1EEEA17-F9B3-4D1E-8AA8-324D7905B869}.Release|Any CPU.ActiveCfg = Release|Any CPU
		{F1EEEA17-F9B3-4D1E-8AA8-324D7905B869}.Release|Any CPU.Build.0 = Release|Any CPU
		{59807E36-2186-4152-9CA8-8AB9D791F20C}.Debug|Any CPU.ActiveCfg = Debug|Any CPU
		{59807E36-2186-4152-9CA8-8AB9D791F20C}.Debug|Any CPU.Build.0 = Debug|Any CPU
		{59807E36-2186-4152-9CA8-8AB9D791F20C}.Release|Any CPU.ActiveCfg = Release|Any CPU
		{59807E36-2186-4152-9CA8-8AB9D791F20C}.Release|Any CPU.Build.0 = Release|Any CPU
		{E93002C4-2ABD-444D-A50E-137AC1F24725}.Debug|Any CPU.ActiveCfg = Debug|Any CPU
		{E93002C4-2ABD-444D-A50E-137AC1F24725}.Debug|Any CPU.Build.0 = Debug|Any CPU
		{E93002C4-2ABD-444D-A50E-137AC1F24725}.Release|Any CPU.ActiveCfg = Release|Any CPU
		{E93002C4-2ABD-444D-A50E-137AC1F24725}.Release|Any CPU.Build.0 = Release|Any CPU
		{B2EFF44C-3CD9-4FE5-B07A-7035A28F13DE}.Debug|Any CPU.ActiveCfg = Debug|Any CPU
		{B2EFF44C-3CD9-4FE5-B07A-7035A28F13DE}.Debug|Any CPU.Build.0 = Debug|Any CPU
		{B2EFF44C-3CD9-4FE5-B07A-7035A28F13DE}.Release|Any CPU.ActiveCfg = Release|Any CPU
		{B2EFF44C-3CD9-4FE5-B07A-7035A28F13DE}.Release|Any CPU.Build.0 = Release|Any CPU
		{C7FFB93C-98D7-4F3B-B374-9F7D6D11052E}.Debug|Any CPU.ActiveCfg = Debug|Any CPU
		{C7FFB93C-98D7-4F3B-B374-9F7D6D11052E}.Debug|Any CPU.Build.0 = Debug|Any CPU
		{C7FFB93C-98D7-4F3B-B374-9F7D6D11052E}.Release|Any CPU.ActiveCfg = Release|Any CPU
		{C7FFB93C-98D7-4F3B-B374-9F7D6D11052E}.Release|Any CPU.Build.0 = Release|Any CPU
		{AF7681BD-663B-44B0-BFFC-D75361A0F905}.Debug|Any CPU.ActiveCfg = Debug|Any CPU
		{AF7681BD-663B-44B0-BFFC-D75361A0F905}.Debug|Any CPU.Build.0 = Debug|Any CPU
		{AF7681BD-663B-44B0-BFFC-D75361A0F905}.Release|Any CPU.ActiveCfg = Release|Any CPU
		{AF7681BD-663B-44B0-BFFC-D75361A0F905}.Release|Any CPU.Build.0 = Release|Any CPU
		{999010E9-83FF-492A-8B6B-2AA3B27BBC6A}.Debug|Any CPU.ActiveCfg = Debug|Any CPU
		{999010E9-83FF-492A-8B6B-2AA3B27BBC6A}.Debug|Any CPU.Build.0 = Debug|Any CPU
		{999010E9-83FF-492A-8B6B-2AA3B27BBC6A}.Release|Any CPU.ActiveCfg = Release|Any CPU
		{999010E9-83FF-492A-8B6B-2AA3B27BBC6A}.Release|Any CPU.Build.0 = Release|Any CPU
		{AC823B27-4A5B-4DBC-8BE4-E5D5AAC5F366}.Debug|Any CPU.ActiveCfg = Debug|Any CPU
		{AC823B27-4A5B-4DBC-8BE4-E5D5AAC5F366}.Debug|Any CPU.Build.0 = Debug|Any CPU
		{AC823B27-4A5B-4DBC-8BE4-E5D5AAC5F366}.Release|Any CPU.ActiveCfg = Release|Any CPU
		{AC823B27-4A5B-4DBC-8BE4-E5D5AAC5F366}.Release|Any CPU.Build.0 = Release|Any CPU
		{BE44E0CD-2A98-48FC-94D1-3423E7F401B3}.Debug|Any CPU.ActiveCfg = Debug|Any CPU
		{BE44E0CD-2A98-48FC-94D1-3423E7F401B3}.Debug|Any CPU.Build.0 = Debug|Any CPU
		{BE44E0CD-2A98-48FC-94D1-3423E7F401B3}.Release|Any CPU.ActiveCfg = Release|Any CPU
		{BE44E0CD-2A98-48FC-94D1-3423E7F401B3}.Release|Any CPU.Build.0 = Release|Any CPU
		{E6A66117-F0B4-4BE4-85BD-90BC242D8946}.Debug|Any CPU.ActiveCfg = Debug|Any CPU
		{E6A66117-F0B4-4BE4-85BD-90BC242D8946}.Debug|Any CPU.Build.0 = Debug|Any CPU
		{E6A66117-F0B4-4BE4-85BD-90BC242D8946}.Release|Any CPU.ActiveCfg = Release|Any CPU
		{E6A66117-F0B4-4BE4-85BD-90BC242D8946}.Release|Any CPU.Build.0 = Release|Any CPU
		{AB2EB5D7-E5D5-4DCB-B8E2-F7769B4AA5C9}.Debug|Any CPU.ActiveCfg = Debug|Any CPU
		{AB2EB5D7-E5D5-4DCB-B8E2-F7769B4AA5C9}.Debug|Any CPU.Build.0 = Debug|Any CPU
		{AB2EB5D7-E5D5-4DCB-B8E2-F7769B4AA5C9}.Release|Any CPU.ActiveCfg = Release|Any CPU
		{AB2EB5D7-E5D5-4DCB-B8E2-F7769B4AA5C9}.Release|Any CPU.Build.0 = Release|Any CPU
		{15DD0D19-9F54-4912-9061-0ED9BD44243A}.Debug|Any CPU.ActiveCfg = Debug|Any CPU
		{15DD0D19-9F54-4912-9061-0ED9BD44243A}.Debug|Any CPU.Build.0 = Debug|Any CPU
		{15DD0D19-9F54-4912-9061-0ED9BD44243A}.Release|Any CPU.ActiveCfg = Release|Any CPU
		{15DD0D19-9F54-4912-9061-0ED9BD44243A}.Release|Any CPU.Build.0 = Release|Any CPU
		{7F85AD08-2F9C-4E60-B565-25E9CC439839}.Debug|Any CPU.ActiveCfg = Debug|Any CPU
		{7F85AD08-2F9C-4E60-B565-25E9CC439839}.Debug|Any CPU.Build.0 = Debug|Any CPU
		{7F85AD08-2F9C-4E60-B565-25E9CC439839}.Release|Any CPU.ActiveCfg = Release|Any CPU
		{7F85AD08-2F9C-4E60-B565-25E9CC439839}.Release|Any CPU.Build.0 = Release|Any CPU
		{07E0040A-F671-42CA-B392-F2AE43B12069}.Debug|Any CPU.ActiveCfg = Debug|Any CPU
		{07E0040A-F671-42CA-B392-F2AE43B12069}.Debug|Any CPU.Build.0 = Debug|Any CPU
		{07E0040A-F671-42CA-B392-F2AE43B12069}.Release|Any CPU.ActiveCfg = Release|Any CPU
		{07E0040A-F671-42CA-B392-F2AE43B12069}.Release|Any CPU.Build.0 = Release|Any CPU
		{10A76031-A0B1-4F9B-A809-0C256846B30A}.Debug|Any CPU.ActiveCfg = Debug|Any CPU
		{10A76031-A0B1-4F9B-A809-0C256846B30A}.Debug|Any CPU.Build.0 = Debug|Any CPU
		{10A76031-A0B1-4F9B-A809-0C256846B30A}.Release|Any CPU.ActiveCfg = Release|Any CPU
		{10A76031-A0B1-4F9B-A809-0C256846B30A}.Release|Any CPU.Build.0 = Release|Any CPU
		{67350031-BDB5-4AEE-AC4E-0C2746EA53A0}.Debug|Any CPU.ActiveCfg = Debug|Any CPU
		{67350031-BDB5-4AEE-AC4E-0C2746EA53A0}.Debug|Any CPU.Build.0 = Debug|Any CPU
		{67350031-BDB5-4AEE-AC4E-0C2746EA53A0}.Release|Any CPU.ActiveCfg = Release|Any CPU
		{67350031-BDB5-4AEE-AC4E-0C2746EA53A0}.Release|Any CPU.Build.0 = Release|Any CPU
	EndGlobalSection
	GlobalSection(SolutionProperties) = preSolution
		HideSolutionNode = FALSE
	EndGlobalSection
	GlobalSection(NestedProjects) = preSolution
		{EE73F330-50DB-4AAC-9E30-E9C385E94945} = {02EA681E-C7D8-13C7-8484-4AC65E1B71E8}
		{728B50CB-E6CE-4E14-861D-96078A9D1E19} = {02EA681E-C7D8-13C7-8484-4AC65E1B71E8}
		{34F48E75-891A-4C81-AD8A-E48F2CC856F3} = {728B50CB-E6CE-4E14-861D-96078A9D1E19}
		{62BB530A-8A17-4C54-9963-773880DA1F6C} = {EE73F330-50DB-4AAC-9E30-E9C385E94945}
		{A78729B5-F516-4BE1-A9AC-8B09DD696914} = {34F48E75-891A-4C81-AD8A-E48F2CC856F3}
		{F6612F0F-7068-45AD-9EEF-C82123B5D7EA} = {34F48E75-891A-4C81-AD8A-E48F2CC856F3}
		{D34ADB2D-E463-4905-84DF-F485A1E088C1} = {34F48E75-891A-4C81-AD8A-E48F2CC856F3}
		{09B10935-C0C2-496C-89CC-55E8EA2BC8C1} = {34F48E75-891A-4C81-AD8A-E48F2CC856F3}
		{5B521048-5FBB-4174-8204-F06C37865C25} = {02EA681E-C7D8-13C7-8484-4AC65E1B71E8}
		{BC396A30-9832-489C-B7BB-17FD88E6A094} = {5B521048-5FBB-4174-8204-F06C37865C25}
		{905B728E-E23D-4AAF-8A9A-64D94C9F8C00} = {5B521048-5FBB-4174-8204-F06C37865C25}
		{E440F2EC-997D-42D8-88F3-06F3CB09D8BF} = {5B521048-5FBB-4174-8204-F06C37865C25}
		{2B4EE505-D41F-4684-94DB-387883ECDAE7} = {5B521048-5FBB-4174-8204-F06C37865C25}
		{1A45B7E9-ADB7-4600-96CE-483040938915} = {728B50CB-E6CE-4E14-861D-96078A9D1E19}
		{9A8C960D-1BCC-4A7D-AACF-DFEFACC12C1A} = {1A45B7E9-ADB7-4600-96CE-483040938915}
		{C2BBCD1A-18E4-4AA6-AB36-CFFE737F5706} = {1A45B7E9-ADB7-4600-96CE-483040938915}
		{8B334D5F-936C-457B-9588-E0EA353B0797} = {1A45B7E9-ADB7-4600-96CE-483040938915}
		{B92BAB9C-1EF3-465C-BA73-2387A3A28C53} = {1A45B7E9-ADB7-4600-96CE-483040938915}
		{C1BD90D4-8E11-4A7B-84CB-CD33C03712D0} = {728B50CB-E6CE-4E14-861D-96078A9D1E19}
		{89301243-D49F-4CC0-9FC7-296D676D5ADD} = {C1BD90D4-8E11-4A7B-84CB-CD33C03712D0}
		{B579F79D-F4D1-4365-8F10-793B5E861A62} = {C1BD90D4-8E11-4A7B-84CB-CD33C03712D0}
		{A2B3B8EA-567B-4598-81BA-540BA6D82895} = {C1BD90D4-8E11-4A7B-84CB-CD33C03712D0}
		{12DCD51A-033D-4346-BBF4-EC09223C677B} = {1A45B7E9-ADB7-4600-96CE-483040938915}
		{A18EE8AE-410C-4431-89F3-2F8A4CDAF73D} = {728B50CB-E6CE-4E14-861D-96078A9D1E19}
		{F1EEEA17-F9B3-4D1E-8AA8-324D7905B869} = {C1BD90D4-8E11-4A7B-84CB-CD33C03712D0}
		{59807E36-2186-4152-9CA8-8AB9D791F20C} = {C1BD90D4-8E11-4A7B-84CB-CD33C03712D0}
		{E93002C4-2ABD-444D-A50E-137AC1F24725} = {A18EE8AE-410C-4431-89F3-2F8A4CDAF73D}
		{B2EFF44C-3CD9-4FE5-B07A-7035A28F13DE} = {A18EE8AE-410C-4431-89F3-2F8A4CDAF73D}
		{C7FFB93C-98D7-4F3B-B374-9F7D6D11052E} = {A18EE8AE-410C-4431-89F3-2F8A4CDAF73D}
		{AF7681BD-663B-44B0-BFFC-D75361A0F905} = {A18EE8AE-410C-4431-89F3-2F8A4CDAF73D}
		{999010E9-83FF-492A-8B6B-2AA3B27BBC6A} = {34F48E75-891A-4C81-AD8A-E48F2CC856F3}
		{AC823B27-4A5B-4DBC-8BE4-E5D5AAC5F366} = {A18EE8AE-410C-4431-89F3-2F8A4CDAF73D}
		{BE44E0CD-2A98-48FC-94D1-3423E7F401B3} = {8441A354-4498-4226-9BC4-1D6A0A733671}
		{2ADCD249-9A5C-4256-A222-5141F80B8B80} = {1A45B7E9-ADB7-4600-96CE-483040938915}
		{E6A66117-F0B4-4BE4-85BD-90BC242D8946} = {2ADCD249-9A5C-4256-A222-5141F80B8B80}
		{41CDE0F8-AB33-4DE5-A95E-885D0E7DCEF7} = {C1BD90D4-8E11-4A7B-84CB-CD33C03712D0}
		{AB2EB5D7-E5D5-4DCB-B8E2-F7769B4AA5C9} = {41CDE0F8-AB33-4DE5-A95E-885D0E7DCEF7}
		{7808DD94-2160-4B1E-B15F-6860D3552F7B} = {34F48E75-891A-4C81-AD8A-E48F2CC856F3}
		{15DD0D19-9F54-4912-9061-0ED9BD44243A} = {7808DD94-2160-4B1E-B15F-6860D3552F7B}
		{0FEAEE71-BB45-4A1A-B117-76FCB4080A02} = {A18EE8AE-410C-4431-89F3-2F8A4CDAF73D}
		{7F85AD08-2F9C-4E60-B565-25E9CC439839} = {0FEAEE71-BB45-4A1A-B117-76FCB4080A02}
		{07E0040A-F671-42CA-B392-F2AE43B12069} = {2ADCD249-9A5C-4256-A222-5141F80B8B80}
		{10A76031-A0B1-4F9B-A809-0C256846B30A} = {7808DD94-2160-4B1E-B15F-6860D3552F7B}
		{67350031-BDB5-4AEE-AC4E-0C2746EA53A0} = {8441A354-4498-4226-9BC4-1D6A0A733671}
	EndGlobalSection
	GlobalSection(ExtensibilityGlobals) = postSolution
		SolutionGuid = {B4562151-1701-464F-8095-1DE99CF50AD9}
	EndGlobalSection
EndGlobal
