
Microsoft Visual Studio Solution File, Format Version 12.00
# Visual Studio Version 17
VisualStudioVersion = 17.14.36408.4
MinimumVisualStudioVersion = 10.0.40219.1
Project("{2150E333-8FDC-42A3-9474-1A3956D46DE8}") = "src", "src", "{02EA681E-C7D8-13C7-8484-4AC65E1B71E8}"
EndProject
Project("{2150E333-8FDC-42A3-9474-1A3956D46DE8}") = "API", "API", "{EE73F330-50DB-4AAC-9E30-E9C385E94945}"
EndProject
Project("{2150E333-8FDC-42A3-9474-1A3956D46DE8}") = "Modules", "Modules", "{728B50CB-E6CE-4E14-861D-96078A9D1E19}"
EndProject
Project("{2150E333-8FDC-42A3-9474-1A3956D46DE8}") = "Events", "Events", "{34F48E75-891A-4C81-AD8A-E48F2CC856F3}"
EndProject
Project("{FAE04EC0-301F-11D3-BF4B-00C04F79EFBC}") = "Evently.Api", "src\API\Evently.Api\Evently.Api.csproj", "{62BB530A-8A17-4C54-9963-773880DA1F6C}"
EndProject
Project("{FAE04EC0-301F-11D3-BF4B-00C04F79EFBC}") = "Evently.Modules.Events.Domain", "src\Modules\Events\Evently.Modules.Events.Domain\Evently.Modules.Events.Domain.csproj", "{A78729B5-F516-4BE1-A9AC-8B09DD696914}"
EndProject
Project("{FAE04EC0-301F-11D3-BF4B-00C04F79EFBC}") = "Evently.Modules.Events.Infrastructure", "src\Modules\Events\Evently.Modules.Events.Infrastructure\Evently.Modules.Events.Infrastructure.csproj", "{F6612F0F-7068-45AD-9EEF-C82123B5D7EA}"
EndProject
Project("{FAE04EC0-301F-11D3-BF4B-00C04F79EFBC}") = "Evently.Modules.Events.Presentation", "src\Modules\Events\Evently.Modules.Events.Presentation\Evently.Modules.Events.Presentation.csproj", "{D34ADB2D-E463-4905-84DF-F485A1E088C1}"
EndProject
Project("{FAE04EC0-301F-11D3-BF4B-00C04F79EFBC}") = "Evently.Modules.Events.Application", "src\Modules\Events\Evently.Modules.Events.Application\Evently.Modules.Events.Application.csproj", "{09B10935-C0C2-496C-89CC-55E8EA2BC8C1}"
EndProject
Project("{E53339B2-1760-4266-BCC7-CA923CBCF16C}") = "docker-compose", "docker-compose.dcproj", "{81DDED9D-158B-E303-5F62-77A2896D2A5A}"
EndProject
Project("{2150E333-8FDC-42A3-9474-1A3956D46DE8}") = "Common", "Common", "{5B521048-5FBB-4174-8204-F06C37865C25}"
EndProject
Project("{FAE04EC0-301F-11D3-BF4B-00C04F79EFBC}") = "Evently.Common.Domain", "src\Common\Evently.Common.Domain\Evently.Common.Domain.csproj", "{BC396A30-9832-489C-B7BB-17FD88E6A094}"
EndProject
Project("{FAE04EC0-301F-11D3-BF4B-00C04F79EFBC}") = "Evently.Common.Application", "src\Common\Evently.Common.Application\Evently.Common.Application.csproj", "{905B728E-E23D-4AAF-8A9A-64D94C9F8C00}"
EndProject
Project("{FAE04EC0-301F-11D3-BF4B-00C04F79EFBC}") = "Evently.Common.Infrastructure", "src\Common\Evently.Common.Infrastructure\Evently.Common.Infrastructure.csproj", "{E440F2EC-997D-42D8-88F3-06F3CB09D8BF}"
EndProject
Project("{FAE04EC0-301F-11D3-BF4B-00C04F79EFBC}") = "Evently.Common.Presentation", "src\Common\Evently.Common.Presentation\Evently.Common.Presentation.csproj", "{2B4EE505-D41F-4684-94DB-387883ECDAE7}"
EndProject
Project("{2150E333-8FDC-42A3-9474-1A3956D46DE8}") = "Users", "Users", "{1A45B7E9-ADB7-4600-96CE-483040938915}"
EndProject
Project("{FAE04EC0-301F-11D3-BF4B-00C04F79EFBC}") = "Evently.Modules.Users.Domain", "src\Modules\Users\Evently.Modules.Users.Domain\Evently.Modules.Users.Domain.csproj", "{9A8C960D-1BCC-4A7D-AACF-DFEFACC12C1A}"
EndProject
Project("{FAE04EC0-301F-11D3-BF4B-00C04F79EFBC}") = "Evently.Modules.Users.Application", "src\Modules\Users\Evently.Modules.Users.Application\Evently.Modules.Users.Application.csproj", "{C2BBCD1A-18E4-4AA6-AB36-CFFE737F5706}"
EndProject
Project("{FAE04EC0-301F-11D3-BF4B-00C04F79EFBC}") = "Evently.Modules.Users.Infrastructure", "src\Modules\Users\Evently.Modules.Users.Infrastructure\Evently.Modules.Users.Infrastructure.csproj", "{8B334D5F-936C-457B-9588-E0EA353B0797}"
EndProject
Project("{FAE04EC0-301F-11D3-BF4B-00C04F79EFBC}") = "Evently.Modules.Users.Presentation", "src\Modules\Users\Evently.Modules.Users.Presentation\Evently.Modules.Users.Presentation.csproj", "{B92BAB9C-1EF3-465C-BA73-2387A3A28C53}"
EndProject
Global
	GlobalSection(SolutionConfigurationPlatforms) = preSolution
		Debug|Any CPU = Debug|Any CPU
		Release|Any CPU = Release|Any CPU
	EndGlobalSection
	GlobalSection(ProjectConfigurationPlatforms) = postSolution
		{62BB530A-8A17-4C54-9963-773880DA1F6C}.Debug|Any CPU.ActiveCfg = Debug|Any CPU
		{62BB530A-8A17-4C54-9963-773880DA1F6C}.Debug|Any CPU.Build.0 = Debug|Any CPU
		{62BB530A-8A17-4C54-9963-773880DA1F6C}.Release|Any CPU.ActiveCfg = Release|Any CPU
		{62BB530A-8A17-4C54-9963-773880DA1F6C}.Release|Any CPU.Build.0 = Release|Any CPU
		{A78729B5-F516-4BE1-A9AC-8B09DD696914}.Debug|Any CPU.ActiveCfg = Debug|Any CPU
		{A78729B5-F516-4BE1-A9AC-8B09DD696914}.Debug|Any CPU.Build.0 = Debug|Any CPU
		{A78729B5-F516-4BE1-A9AC-8B09DD696914}.Release|Any CPU.ActiveCfg = Release|Any CPU
		{A78729B5-F516-4BE1-A9AC-8B09DD696914}.Release|Any CPU.Build.0 = Release|Any CPU
		{F6612F0F-7068-45AD-9EEF-C82123B5D7EA}.Debug|Any CPU.ActiveCfg = Debug|Any CPU
		{F6612F0F-7068-45AD-9EEF-C82123B5D7EA}.Debug|Any CPU.Build.0 = Debug|Any CPU
		{F6612F0F-7068-45AD-9EEF-C82123B5D7EA}.Release|Any CPU.ActiveCfg = Release|Any CPU
		{F6612F0F-7068-45AD-9EEF-C82123B5D7EA}.Release|Any CPU.Build.0 = Release|Any CPU
		{D34ADB2D-E463-4905-84DF-F485A1E088C1}.Debug|Any CPU.ActiveCfg = Debug|Any CPU
		{D34ADB2D-E463-4905-84DF-F485A1E088C1}.Debug|Any CPU.Build.0 = Debug|Any CPU
		{D34ADB2D-E463-4905-84DF-F485A1E088C1}.Release|Any CPU.ActiveCfg = Release|Any CPU
		{D34ADB2D-E463-4905-84DF-F485A1E088C1}.Release|Any CPU.Build.0 = Release|Any CPU
		{09B10935-C0C2-496C-89CC-55E8EA2BC8C1}.Debug|Any CPU.ActiveCfg = Debug|Any CPU
		{09B10935-C0C2-496C-89CC-55E8EA2BC8C1}.Debug|Any CPU.Build.0 = Debug|Any CPU
		{09B10935-C0C2-496C-89CC-55E8EA2BC8C1}.Release|Any CPU.ActiveCfg = Release|Any CPU
		{09B10935-C0C2-496C-89CC-55E8EA2BC8C1}.Release|Any CPU.Build.0 = Release|Any CPU
		{81DDED9D-158B-E303-5F62-77A2896D2A5A}.Debug|Any CPU.ActiveCfg = Debug|Any CPU
		{81DDED9D-158B-E303-5F62-77A2896D2A5A}.Debug|Any CPU.Build.0 = Debug|Any CPU
		{81DDED9D-158B-E303-5F62-77A2896D2A5A}.Release|Any CPU.ActiveCfg = Release|Any CPU
		{81DDED9D-158B-E303-5F62-77A2896D2A5A}.Release|Any CPU.Build.0 = Release|Any CPU
		{BC396A30-9832-489C-B7BB-17FD88E6A094}.Debug|Any CPU.ActiveCfg = Debug|Any CPU
		{BC396A30-9832-489C-B7BB-17FD88E6A094}.Debug|Any CPU.Build.0 = Debug|Any CPU
		{BC396A30-9832-489C-B7BB-17FD88E6A094}.Release|Any CPU.ActiveCfg = Release|Any CPU
		{BC396A30-9832-489C-B7BB-17FD88E6A094}.Release|Any CPU.Build.0 = Release|Any CPU
		{905B728E-E23D-4AAF-8A9A-64D94C9F8C00}.Debug|Any CPU.ActiveCfg = Debug|Any CPU
		{905B728E-E23D-4AAF-8A9A-64D94C9F8C00}.Debug|Any CPU.Build.0 = Debug|Any CPU
		{905B728E-E23D-4AAF-8A9A-64D94C9F8C00}.Release|Any CPU.ActiveCfg = Release|Any CPU
		{905B728E-E23D-4AAF-8A9A-64D94C9F8C00}.Release|Any CPU.Build.0 = Release|Any CPU
		{E440F2EC-997D-42D8-88F3-06F3CB09D8BF}.Debug|Any CPU.ActiveCfg = Debug|Any CPU
		{E440F2EC-997D-42D8-88F3-06F3CB09D8BF}.Debug|Any CPU.Build.0 = Debug|Any CPU
		{E440F2EC-997D-42D8-88F3-06F3CB09D8BF}.Release|Any CPU.ActiveCfg = Release|Any CPU
		{E440F2EC-997D-42D8-88F3-06F3CB09D8BF}.Release|Any CPU.Build.0 = Release|Any CPU
		{2B4EE505-D41F-4684-94DB-387883ECDAE7}.Debug|Any CPU.ActiveCfg = Debug|Any CPU
		{2B4EE505-D41F-4684-94DB-387883ECDAE7}.Debug|Any CPU.Build.0 = Debug|Any CPU
		{2B4EE505-D41F-4684-94DB-387883ECDAE7}.Release|Any CPU.ActiveCfg = Release|Any CPU
		{2B4EE505-D41F-4684-94DB-387883ECDAE7}.Release|Any CPU.Build.0 = Release|Any CPU
		{9A8C960D-1BCC-4A7D-AACF-DFEFACC12C1A}.Debug|Any CPU.ActiveCfg = Debug|Any CPU
		{9A8C960D-1BCC-4A7D-AACF-DFEFACC12C1A}.Debug|Any CPU.Build.0 = Debug|Any CPU
		{9A8C960D-1BCC-4A7D-AACF-DFEFACC12C1A}.Release|Any CPU.ActiveCfg = Release|Any CPU
		{9A8C960D-1BCC-4A7D-AACF-DFEFACC12C1A}.Release|Any CPU.Build.0 = Release|Any CPU
		{C2BBCD1A-18E4-4AA6-AB36-CFFE737F5706}.Debug|Any CPU.ActiveCfg = Debug|Any CPU
		{C2BBCD1A-18E4-4AA6-AB36-CFFE737F5706}.Debug|Any CPU.Build.0 = Debug|Any CPU
		{C2BBCD1A-18E4-4AA6-AB36-CFFE737F5706}.Release|Any CPU.ActiveCfg = Release|Any CPU
		{C2BBCD1A-18E4-4AA6-AB36-CFFE737F5706}.Release|Any CPU.Build.0 = Release|Any CPU
		{8B334D5F-936C-457B-9588-E0EA353B0797}.Debug|Any CPU.ActiveCfg = Debug|Any CPU
		{8B334D5F-936C-457B-9588-E0EA353B0797}.Debug|Any CPU.Build.0 = Debug|Any CPU
		{8B334D5F-936C-457B-9588-E0EA353B0797}.Release|Any CPU.ActiveCfg = Release|Any CPU
		{8B334D5F-936C-457B-9588-E0EA353B0797}.Release|Any CPU.Build.0 = Release|Any CPU
		{B92BAB9C-1EF3-465C-BA73-2387A3A28C53}.Debug|Any CPU.ActiveCfg = Debug|Any CPU
		{B92BAB9C-1EF3-465C-BA73-2387A3A28C53}.Debug|Any CPU.Build.0 = Debug|Any CPU
		{B92BAB9C-1EF3-465C-BA73-2387A3A28C53}.Release|Any CPU.ActiveCfg = Release|Any CPU
		{B92BAB9C-1EF3-465C-BA73-2387A3A28C53}.Release|Any CPU.Build.0 = Release|Any CPU
	EndGlobalSection
	GlobalSection(SolutionProperties) = preSolution
		HideSolutionNode = FALSE
	EndGlobalSection
	GlobalSection(NestedProjects) = preSolution
		{EE73F330-50DB-4AAC-9E30-E9C385E94945} = {02EA681E-C7D8-13C7-8484-4AC65E1B71E8}
		{728B50CB-E6CE-4E14-861D-96078A9D1E19} = {02EA681E-C7D8-13C7-8484-4AC65E1B71E8}
		{34F48E75-891A-4C81-AD8A-E48F2CC856F3} = {728B50CB-E6CE-4E14-861D-96078A9D1E19}
		{62BB530A-8A17-4C54-9963-773880DA1F6C} = {EE73F330-50DB-4AAC-9E30-E9C385E94945}
		{A78729B5-F516-4BE1-A9AC-8B09DD696914} = {34F48E75-891A-4C81-AD8A-E48F2CC856F3}
		{F6612F0F-7068-45AD-9EEF-C82123B5D7EA} = {34F48E75-891A-4C81-AD8A-E48F2CC856F3}
		{D34ADB2D-E463-4905-84DF-F485A1E088C1} = {34F48E75-891A-4C81-AD8A-E48F2CC856F3}
		{09B10935-C0C2-496C-89CC-55E8EA2BC8C1} = {34F48E75-891A-4C81-AD8A-E48F2CC856F3}
		{5B521048-5FBB-4174-8204-F06C37865C25} = {02EA681E-C7D8-13C7-8484-4AC65E1B71E8}
		{BC396A30-9832-489C-B7BB-17FD88E6A094} = {5B521048-5FBB-4174-8204-F06C37865C25}
		{905B728E-E23D-4AAF-8A9A-64D94C9F8C00} = {5B521048-5FBB-4174-8204-F06C37865C25}
		{E440F2EC-997D-42D8-88F3-06F3CB09D8BF} = {5B521048-5FBB-4174-8204-F06C37865C25}
		{2B4EE505-D41F-4684-94DB-387883ECDAE7} = {5B521048-5FBB-4174-8204-F06C37865C25}
		{1A45B7E9-ADB7-4600-96CE-483040938915} = {728B50CB-E6CE-4E14-861D-96078A9D1E19}
		{9A8C960D-1BCC-4A7D-AACF-DFEFACC12C1A} = {1A45B7E9-ADB7-4600-96CE-483040938915}
		{C2BBCD1A-18E4-4AA6-AB36-CFFE737F5706} = {1A45B7E9-ADB7-4600-96CE-483040938915}
		{8B334D5F-936C-457B-9588-E0EA353B0797} = {1A45B7E9-ADB7-4600-96CE-483040938915}
		{B92BAB9C-1EF3-465C-BA73-2387A3A28C53} = {1A45B7E9-ADB7-4600-96CE-483040938915}
	EndGlobalSection
	GlobalSection(ExtensibilityGlobals) = postSolution
		SolutionGuid = {B4562151-1701-464F-8095-1DE99CF50AD9}
	EndGlobalSection
EndGlobal
